{
  "requires": true,
  "lockfileVersion": 1,
  "dependencies": {
    "react-native-axis-pad": {
      "version": "0.9.4",
      "resolved": "https://registry.npmjs.org/react-native-axis-pad/-/react-native-axis-pad-0.9.4.tgz",
      "integrity": "sha512-7OO4Pzh2BwwQDGW8P2ddSjXwjUKL3NRXs3CpkfZ3dyUzg4/BGFJhsLtgH2Y9FKuXgDT7ubC93PR/xPwJVnFceg=="
    }
  }
}
